// !$*UTF8*$!
{
	archiveVersion = 1;
	classes = {
	};
	objectVersion = 45;
	objects = {

/* Begin PBXBuildFile section */
		1A2DA1901047358B00D90110 /* jlongster.obj.gso in Resources */ = {isa = PBXBuildFile; fileRef = 1A2DA18F1047358B00D90110 /* jlongster.obj.gso */; };
		1A4EBE0D0FDA21CD000F4C9F /* init_.c in Sources */ = {isa = PBXBuildFile; fileRef = 1A4EBE0C0FDA21CD000F4C9F /* init_.c */; };
		1A53011D103E5A9700859416 /* sphere.obj.gso in Resources */ = {isa = PBXBuildFile; fileRef = 1A53011C103E5A9700859416 /* sphere.obj.gso */; };
		1A5BC5CC102B80FA001FEDD9 /* sphere.obj in Resources */ = {isa = PBXBuildFile; fileRef = 1A5BC5C9102B80FA001FEDD9 /* sphere.obj */; };
		1A5BC5CD102B80FA001FEDD9 /* mass.obj in Resources */ = {isa = PBXBuildFile; fileRef = 1A5BC5CA102B80FA001FEDD9 /* mass.obj */; };
		1A5BC5CE102B80FA001FEDD9 /* mass.mtl in Resources */ = {isa = PBXBuildFile; fileRef = 1A5BC5CB102B80FA001FEDD9 /* mass.mtl */; };
		1A5BC5DA102D21E8001FEDD9 /* collision.obj in Resources */ = {isa = PBXBuildFile; fileRef = 1A5BC5D9102D21E8001FEDD9 /* collision.obj */; };
		1A861A1410916B3D00706CC5 /* sky.png in Resources */ = {isa = PBXBuildFile; fileRef = 1A861A1310916B3D00706CC5 /* sky.png */; };
		1A861A8510916C0500706CC5 /* CoreGraphics.framework in Frameworks */ = {isa = PBXBuildFile; fileRef = 1A861A8410916C0500706CC5 /* CoreGraphics.framework */; };
		1A8887FF1079A50A00E1E774 /* cow.mtl in Resources */ = {isa = PBXBuildFile; fileRef = 1A8887FD1079A50A00E1E774 /* cow.mtl */; };
		1A8888001079A50A00E1E774 /* cow.obj in Resources */ = {isa = PBXBuildFile; fileRef = 1A8887FE1079A50A00E1E774 /* cow.obj */; };
		1A8888031079A52100E1E774 /* sheep.mtl in Resources */ = {isa = PBXBuildFile; fileRef = 1A8888011079A52100E1E774 /* sheep.mtl */; };
		1A8888041079A52100E1E774 /* sheep.obj in Resources */ = {isa = PBXBuildFile; fileRef = 1A8888021079A52100E1E774 /* sheep.obj */; };
		1A8BCDB0101A1BEA00DED70B /* box.obj in Resources */ = {isa = PBXBuildFile; fileRef = 1A8BCDAF101A1BEA00DED70B /* box.obj */; };
		1AAF6B480FD9A049000698DA /* init.c in Sources */ = {isa = PBXBuildFile; fileRef = 1AAF6B470FD9A049000698DA /* init.c */; };
		1AC6512C0FE70FD1004C15CB /* EAGLView.m in Sources */ = {isa = PBXBuildFile; fileRef = 1AC651270FE70FD1004C15CB /* EAGLView.m */; };
		1AC6512D0FE70FD1004C15CB /* main.m in Sources */ = {isa = PBXBuildFile; fileRef = 1AC651280FE70FD1004C15CB /* main.m */; };
		1AC6512E0FE70FD1004C15CB /* tosserAppDelegate.m in Sources */ = {isa = PBXBuildFile; fileRef = 1AC6512A0FE70FD1004C15CB /* tosserAppDelegate.m */; };
		1AC651320FE70FE9004C15CB /* window.xib in Resources */ = {isa = PBXBuildFile; fileRef = 1AC651300FE70FE9004C15CB /* window.xib */; };
		1AC651A70FE710DB004C15CB /* Info.plist in Resources */ = {isa = PBXBuildFile; fileRef = 1AC651A60FE710DB004C15CB /* Info.plist */; };
		1AC6904F101E8ECE002D468D /* medium.obj in Resources */ = {isa = PBXBuildFile; fileRef = 1AC6904E101E8ECE002D468D /* medium.obj */; };
		1D60589F0D05DD5A006BFB54 /* Foundation.framework in Frameworks */ = {isa = PBXBuildFile; fileRef = 1D30AB110D05D00D00671497 /* Foundation.framework */; };
		1DF5F4E00D08C38300B7A737 /* UIKit.framework in Frameworks */ = {isa = PBXBuildFile; fileRef = 1DF5F4DF0D08C38300B7A737 /* UIKit.framework */; };
		28FD15000DC6FC520079059D /* OpenGLES.framework in Frameworks */ = {isa = PBXBuildFile; fileRef = 28FD14FF0DC6FC520079059D /* OpenGLES.framework */; };
		28FD15080DC6FC5B0079059D /* QuartzCore.framework in Frameworks */ = {isa = PBXBuildFile; fileRef = 28FD15070DC6FC5B0079059D /* QuartzCore.framework */; };
/* End PBXBuildFile section */

/* Begin PBXFileReference section */
		1A2DA18F1047358B00D90110 /* jlongster.obj.gso */ = {isa = PBXFileReference; lastKnownFileType = file; path = jlongster.obj.gso; sourceTree = "<group>"; };
		1A4EBE0C0FDA21CD000F4C9F /* init_.c */ = {isa = PBXFileReference; fileEncoding = 4; lastKnownFileType = sourcecode.c.c; name = init_.c; path = lib/init_.c; sourceTree = "<group>"; };
		1A53011C103E5A9700859416 /* sphere.obj.gso */ = {isa = PBXFileReference; lastKnownFileType = file; path = sphere.obj.gso; sourceTree = "<group>"; };
		1A5BC5C9102B80FA001FEDD9 /* sphere.obj */ = {isa = PBXFileReference; fileEncoding = 4; lastKnownFileType = text; path = sphere.obj; sourceTree = "<group>"; };
		1A5BC5CA102B80FA001FEDD9 /* mass.obj */ = {isa = PBXFileReference; fileEncoding = 4; lastKnownFileType = text; path = mass.obj; sourceTree = "<group>"; };
		1A5BC5CB102B80FA001FEDD9 /* mass.mtl */ = {isa = PBXFileReference; fileEncoding = 4; lastKnownFileType = text; path = mass.mtl; sourceTree = "<group>"; };
		1A5BC5D9102D21E8001FEDD9 /* collision.obj */ = {isa = PBXFileReference; fileEncoding = 4; lastKnownFileType = text; path = collision.obj; sourceTree = "<group>"; };
		1A861A1310916B3D00706CC5 /* sky.png */ = {isa = PBXFileReference; lastKnownFileType = image.png; path = sky.png; sourceTree = "<group>"; };
		1A861A8410916C0500706CC5 /* CoreGraphics.framework */ = {isa = PBXFileReference; lastKnownFileType = wrapper.framework; name = CoreGraphics.framework; path = System/Library/Frameworks/CoreGraphics.framework; sourceTree = SDKROOT; };
		1A8887FD1079A50A00E1E774 /* cow.mtl */ = {isa = PBXFileReference; fileEncoding = 4; lastKnownFileType = text; name = cow.mtl; path = "../../../projects/scheme/gambit-iphone-example/resources/cow.mtl"; sourceTree = SOURCE_ROOT; };
		1A8887FE1079A50A00E1E774 /* cow.obj */ = {isa = PBXFileReference; fileEncoding = 4; lastKnownFileType = text; name = cow.obj; path = "../../../projects/scheme/gambit-iphone-example/resources/cow.obj"; sourceTree = SOURCE_ROOT; };
		1A8888011079A52100E1E774 /* sheep.mtl */ = {isa = PBXFileReference; fileEncoding = 4; lastKnownFileType = text; name = sheep.mtl; path = "../../../projects/scheme/gambit-iphone-example/resources/sheep.mtl"; sourceTree = SOURCE_ROOT; };
		1A8888021079A52100E1E774 /* sheep.obj */ = {isa = PBXFileReference; fileEncoding = 4; lastKnownFileType = text; name = sheep.obj; path = "../../../projects/scheme/gambit-iphone-example/resources/sheep.obj"; sourceTree = SOURCE_ROOT; };
		1A8BCDAF101A1BEA00DED70B /* box.obj */ = {isa = PBXFileReference; fileEncoding = 4; lastKnownFileType = text; path = box.obj; sourceTree = "<group>"; };
		1AAF6B470FD9A049000698DA /* init.c */ = {isa = PBXFileReference; fileEncoding = 4; lastKnownFileType = sourcecode.c.c; name = init.c; path = lib/init.c; sourceTree = "<group>"; };
		1AC651260FE70FD1004C15CB /* EAGLView.h */ = {isa = PBXFileReference; fileEncoding = 4; lastKnownFileType = sourcecode.c.h; name = EAGLView.h; path = app/EAGLView.h; sourceTree = "<group>"; };
		1AC651270FE70FD1004C15CB /* EAGLView.m */ = {isa = PBXFileReference; fileEncoding = 4; lastKnownFileType = sourcecode.c.objc; name = EAGLView.m; path = app/EAGLView.m; sourceTree = "<group>"; };
		1AC651280FE70FD1004C15CB /* main.m */ = {isa = PBXFileReference; fileEncoding = 4; lastKnownFileType = sourcecode.c.objc; name = main.m; path = app/main.m; sourceTree = "<group>"; };
		1AC651290FE70FD1004C15CB /* tosserAppDelegate.h */ = {isa = PBXFileReference; fileEncoding = 4; lastKnownFileType = sourcecode.c.h; name = tosserAppDelegate.h; path = app/tosserAppDelegate.h; sourceTree = "<group>"; };
		1AC6512A0FE70FD1004C15CB /* tosserAppDelegate.m */ = {isa = PBXFileReference; fileEncoding = 4; lastKnownFileType = sourcecode.c.objc; name = tosserAppDelegate.m; path = app/tosserAppDelegate.m; sourceTree = "<group>"; };
		1AC651300FE70FE9004C15CB /* window.xib */ = {isa = PBXFileReference; lastKnownFileType = file.xib; name = window.xib; path = app/window.xib; sourceTree = "<group>"; };
		1AC651A60FE710DB004C15CB /* Info.plist */ = {isa = PBXFileReference; fileEncoding = 4; lastKnownFileType = text.plist.xml; path = Info.plist; sourceTree = "<group>"; };
		1AC6904E101E8ECE002D468D /* medium.obj */ = {isa = PBXFileReference; fileEncoding = 4; lastKnownFileType = text; path = medium.obj; sourceTree = "<group>"; };
		1D30AB110D05D00D00671497 /* Foundation.framework */ = {isa = PBXFileReference; lastKnownFileType = wrapper.framework; name = Foundation.framework; path = System/Library/Frameworks/Foundation.framework; sourceTree = SDKROOT; };
		1D6058910D05DD3D006BFB54 /* tosser.app */ = {isa = PBXFileReference; explicitFileType = wrapper.application; includeInIndex = 0; path = tosser.app; sourceTree = BUILT_PRODUCTS_DIR; };
		1DF5F4DF0D08C38300B7A737 /* UIKit.framework */ = {isa = PBXFileReference; lastKnownFileType = wrapper.framework; name = UIKit.framework; path = System/Library/Frameworks/UIKit.framework; sourceTree = SDKROOT; };
		28FD14FF0DC6FC520079059D /* OpenGLES.framework */ = {isa = PBXFileReference; lastKnownFileType = wrapper.framework; name = OpenGLES.framework; path = System/Library/Frameworks/OpenGLES.framework; sourceTree = SDKROOT; };
		28FD15070DC6FC5B0079059D /* QuartzCore.framework */ = {isa = PBXFileReference; lastKnownFileType = wrapper.framework; name = QuartzCore.framework; path = System/Library/Frameworks/QuartzCore.framework; sourceTree = SDKROOT; };
/* End PBXFileReference section */

/* Begin PBXFrameworksBuildPhase section */
		1D60588F0D05DD3D006BFB54 /* Frameworks */ = {
			isa = PBXFrameworksBuildPhase;
			buildActionMask = 2147483647;
			files = (
				1D60589F0D05DD5A006BFB54 /* Foundation.framework in Frameworks */,
				1DF5F4E00D08C38300B7A737 /* UIKit.framework in Frameworks */,
				28FD15000DC6FC520079059D /* OpenGLES.framework in Frameworks */,
				28FD15080DC6FC5B0079059D /* QuartzCore.framework in Frameworks */,
				1A861A8510916C0500706CC5 /* CoreGraphics.framework in Frameworks */,
			);
			runOnlyForDeploymentPostprocessing = 0;
		};
/* End PBXFrameworksBuildPhase section */

/* Begin PBXGroup section */
		19C28FACFE9D520D11CA2CBB /* Products */ = {
			isa = PBXGroup;
			children = (
				1D6058910D05DD3D006BFB54 /* tosser.app */,
			);
			name = Products;
			sourceTree = "<group>";
		};
		1A8BCDAE101A1BEA00DED70B /* resources */ = {
			isa = PBXGroup;
			children = (
				1A861A1310916B3D00706CC5 /* sky.png */,
				1A8888011079A52100E1E774 /* sheep.mtl */,
				1A8888021079A52100E1E774 /* sheep.obj */,
				1A8887FD1079A50A00E1E774 /* cow.mtl */,
				1A8887FE1079A50A00E1E774 /* cow.obj */,
				1A2DA18F1047358B00D90110 /* jlongster.obj.gso */,
				1A53011C103E5A9700859416 /* sphere.obj.gso */,
				1A5BC5D9102D21E8001FEDD9 /* collision.obj */,
				1A5BC5C9102B80FA001FEDD9 /* sphere.obj */,
				1A5BC5CA102B80FA001FEDD9 /* mass.obj */,
				1A5BC5CB102B80FA001FEDD9 /* mass.mtl */,
				1AC6904E101E8ECE002D468D /* medium.obj */,
				1A8BCDAF101A1BEA00DED70B /* box.obj */,
			);
			path = resources;
			sourceTree = "<group>";
		};
		29B97314FDCFA39411CA2CEA /* CustomTemplate */ = {
			isa = PBXGroup;
			children = (
				1A8BCDAE101A1BEA00DED70B /* resources */,
				1AC651A60FE710DB004C15CB /* Info.plist */,
				1AC651300FE70FE9004C15CB /* window.xib */,
				1AC651260FE70FD1004C15CB /* EAGLView.h */,
				1AC651270FE70FD1004C15CB /* EAGLView.m */,
				1AC651280FE70FD1004C15CB /* main.m */,
				1AC651290FE70FD1004C15CB /* tosserAppDelegate.h */,
				1AC6512A0FE70FD1004C15CB /* tosserAppDelegate.m */,
				1A4EBE0C0FDA21CD000F4C9F /* init_.c */,
				1AAF6B470FD9A049000698DA /* init.c */,
				29B97323FDCFA39411CA2CEA /* Frameworks */,
				19C28FACFE9D520D11CA2CBB /* Products */,
			);
			name = CustomTemplate;
			sourceTree = "<group>";
		};
		29B97323FDCFA39411CA2CEA /* Frameworks */ = {
			isa = PBXGroup;
			children = (
				1A861A8410916C0500706CC5 /* CoreGraphics.framework */,
				28FD15070DC6FC5B0079059D /* QuartzCore.framework */,
				28FD14FF0DC6FC520079059D /* OpenGLES.framework */,
				1DF5F4DF0D08C38300B7A737 /* UIKit.framework */,
				1D30AB110D05D00D00671497 /* Foundation.framework */,
			);
			name = Frameworks;
			sourceTree = "<group>";
		};
/* End PBXGroup section */

/* Begin PBXNativeTarget section */
		1D6058900D05DD3D006BFB54 /* tosser */ = {
			isa = PBXNativeTarget;
			buildConfigurationList = 1D6058960D05DD3E006BFB54 /* Build configuration list for PBXNativeTarget "tosser" */;
			buildPhases = (
				1D60588D0D05DD3D006BFB54 /* Resources */,
				1D60588E0D05DD3D006BFB54 /* Sources */,
				1D60588F0D05DD3D006BFB54 /* Frameworks */,
			);
			buildRules = (
			);
			dependencies = (
			);
			name = tosser;
			productName = tosser;
			productReference = 1D6058910D05DD3D006BFB54 /* tosser.app */;
			productType = "com.apple.product-type.application";
		};
/* End PBXNativeTarget section */

/* Begin PBXProject section */
		29B97313FDCFA39411CA2CEA /* Project object */ = {
			isa = PBXProject;
			buildConfigurationList = C01FCF4E08A954540054247B /* Build configuration list for PBXProject "tosser" */;
			compatibilityVersion = "Xcode 3.1";
			hasScannedForEncodings = 1;
			mainGroup = 29B97314FDCFA39411CA2CEA /* CustomTemplate */;
			projectDirPath = "";
			projectRoot = "";
			targets = (
				1D6058900D05DD3D006BFB54 /* tosser */,
			);
		};
/* End PBXProject section */

/* Begin PBXResourcesBuildPhase section */
		1D60588D0D05DD3D006BFB54 /* Resources */ = {
			isa = PBXResourcesBuildPhase;
			buildActionMask = 2147483647;
			files = (
				1AC651320FE70FE9004C15CB /* window.xib in Resources */,
				1AC651A70FE710DB004C15CB /* Info.plist in Resources */,
				1A8BCDB0101A1BEA00DED70B /* box.obj in Resources */,
				1AC6904F101E8ECE002D468D /* medium.obj in Resources */,
				1A5BC5CC102B80FA001FEDD9 /* sphere.obj in Resources */,
				1A5BC5CD102B80FA001FEDD9 /* mass.obj in Resources */,
				1A5BC5CE102B80FA001FEDD9 /* mass.mtl in Resources */,
				1A5BC5DA102D21E8001FEDD9 /* collision.obj in Resources */,
				1A53011D103E5A9700859416 /* sphere.obj.gso in Resources */,
				1A2DA1901047358B00D90110 /* jlongster.obj.gso in Resources */,
				1A8887FF1079A50A00E1E774 /* cow.mtl in Resources */,
				1A8888001079A50A00E1E774 /* cow.obj in Resources */,
				1A8888031079A52100E1E774 /* sheep.mtl in Resources */,
				1A8888041079A52100E1E774 /* sheep.obj in Resources */,
				1A861A1410916B3D00706CC5 /* sky.png in Resources */,
			);
			runOnlyForDeploymentPostprocessing = 0;
		};
/* End PBXResourcesBuildPhase section */

/* Begin PBXSourcesBuildPhase section */
		1D60588E0D05DD3D006BFB54 /* Sources */ = {
			isa = PBXSourcesBuildPhase;
			buildActionMask = 2147483647;
			files = (
				1AAF6B480FD9A049000698DA /* init.c in Sources */,
				1A4EBE0D0FDA21CD000F4C9F /* init_.c in Sources */,
				1AC6512C0FE70FD1004C15CB /* EAGLView.m in Sources */,
				1AC6512D0FE70FD1004C15CB /* main.m in Sources */,
				1AC6512E0FE70FD1004C15CB /* tosserAppDelegate.m in Sources */,
			);
			runOnlyForDeploymentPostprocessing = 0;
		};
/* End PBXSourcesBuildPhase section */

/* Begin XCBuildConfiguration section */
		1ABC50B2101254C200811E0D /* Debug iPhone */ = {
			isa = XCBuildConfiguration;
			buildSettings = {
				ARCHS = "$(ARCHS_STANDARD_32_BIT)";
				CODE_SIGN_IDENTITY = "";
				"CODE_SIGN_IDENTITY[sdk=iphoneos*]" = "iPhone Developer: James Long";
				COPY_PHASE_STRIP = NO;
				GCC_C_LANGUAGE_STANDARD = c99;
				GCC_VERSION = 4.2;
				GCC_WARN_ABOUT_RETURN_TYPE = YES;
				GCC_WARN_UNUSED_VARIABLE = NO;
				ONLY_ACTIVE_ARCH = YES;
				OTHER_CFLAGS = (
					"-D___LIBRARY",
					"-x",
					"objective-c",
					"-Wno-unused",
					"-fno-math-errno",
					"-fschedule-insns2",
					"-fno-trapping-math",
					"-fno-strict-aliasing",
					"-fwrapv",
					"-fmodulo-sched",
					"-freschedule-modulo-scheduled-loops",
					"-fno-common",
				);
				OTHER_LDFLAGS = (
					"-L/usr/local/Gambit-C/iPhoneOS3.1/lib",
					"-lgambc",
				);
				PREBINDING = NO;
				"PROVISIONING_PROFILE[sdk=iphoneos*]" = "";
				SDKROOT = iphoneos3.0;
				USER_HEADER_SEARCH_PATHS = "/usr/local/Gambit-C/iPhoneOS3.1/include";
			};
			name = "Debug iPhone";
		};
		1ABC50B3101254C200811E0D /* Debug iPhone */ = {
			isa = XCBuildConfiguration;
			buildSettings = {
				ALWAYS_SEARCH_USER_PATHS = NO;
				COPY_PHASE_STRIP = NO;
				GCC_DYNAMIC_NO_PIC = NO;
				GCC_OPTIMIZATION_LEVEL = 0;
				GCC_PRECOMPILE_PREFIX_HEADER = YES;
				GCC_PREFIX_HEADER = tosser_Prefix.pch;
				INFOPLIST_FILE = Info.plist;
				PRODUCT_NAME = tosser;
			};
			name = "Debug iPhone";
		};
		1D6058940D05DD3E006BFB54 /* Debug */ = {
			isa = XCBuildConfiguration;
			buildSettings = {
				ALWAYS_SEARCH_USER_PATHS = NO;
				COPY_PHASE_STRIP = NO;
				GCC_DYNAMIC_NO_PIC = NO;
				GCC_OPTIMIZATION_LEVEL = 0;
				GCC_PRECOMPILE_PREFIX_HEADER = YES;
				GCC_PREFIX_HEADER = tosser_Prefix.pch;
				INFOPLIST_FILE = Info.plist;
				PRODUCT_NAME = tosser;
			};
			name = Debug;
		};
		1D6058950D05DD3E006BFB54 /* Release */ = {
			isa = XCBuildConfiguration;
			buildSettings = {
				ALWAYS_SEARCH_USER_PATHS = NO;
				COPY_PHASE_STRIP = YES;
				GCC_PRECOMPILE_PREFIX_HEADER = YES;
				GCC_PREFIX_HEADER = tosser_Prefix.pch;
				INFOPLIST_FILE = Info.plist;
				PRODUCT_NAME = tosser;
			};
			name = Release;
		};
		C01FCF4F08A954540054247B /* Debug */ = {
			isa = XCBuildConfiguration;
			buildSettings = {
				ARCHS = "$(ARCHS_STANDARD_32_BIT)";
				CODE_SIGN_IDENTITY = "";
				"CODE_SIGN_IDENTITY[sdk=iphoneos*]" = "iPhone Developer: James Long";
				COPY_PHASE_STRIP = NO;
				GCC_C_LANGUAGE_STANDARD = c99;
				GCC_WARN_ABOUT_RETURN_TYPE = YES;
				GCC_WARN_UNUSED_VARIABLE = NO;
				ONLY_ACTIVE_ARCH = YES;
				OTHER_CFLAGS = (
					"-D___LIBRARY",
					"-x",
					"objective-c",
					"-Wno-unused",
					"-fno-math-errno",
					"-fschedule-insns2",
					"-fno-trapping-math",
					"-fno-strict-aliasing",
					"-fwrapv",
					"-fmodulo-sched",
					"-freschedule-modulo-scheduled-loops",
					"-fomit-frame-pointer",
					"-fno-common",
				);
				OTHER_LDFLAGS = (
					"-L/usr/local/Gambit-C/iPhoneSimulator3.1/lib",
					"-lgambc",
				);
				PREBINDING = NO;
				"PROVISIONING_PROFILE[sdk=iphoneos*]" = "";
				SDKROOT = iphonesimulator3.1;
				USER_HEADER_SEARCH_PATHS = "/usr/local/Gambit-C/iPhoneSimulator3.1/include";
			};
			name = Debug;
		};
		C01FCF5008A954540054247B /* Release */ = {
			isa = XCBuildConfiguration;
			buildSettings = {
				ARCHS = "$(ARCHS_STANDARD_32_BIT)";
				"CODE_SIGN_IDENTITY[sdk=iphoneos*]" = "iPhone Developer";
				GCC_C_LANGUAGE_STANDARD = c99;
				GCC_WARN_ABOUT_RETURN_TYPE = YES;
				GCC_WARN_UNUSED_VARIABLE = YES;
				PREBINDING = NO;
				SDKROOT = iphoneos2.0;
			};
			name = Release;
		};
/* End XCBuildConfiguration section */

/* Begin XCConfigurationList section */
		1D6058960D05DD3E006BFB54 /* Build configuration list for PBXNativeTarget "tosser" */ = {
			isa = XCConfigurationList;
			buildConfigurations = (
				1D6058940D05DD3E006BFB54 /* Debug */,
				1ABC50B3101254C200811E0D /* Debug iPhone */,
				1D6058950D05DD3E006BFB54 /* Release */,
			);
			defaultConfigurationIsVisible = 0;
			defaultConfigurationName = Release;
		};
		C01FCF4E08A954540054247B /* Build configuration list for PBXProject "tosser" */ = {
			isa = XCConfigurationList;
			buildConfigurations = (
				C01FCF4F08A954540054247B /* Debug */,
				1ABC50B2101254C200811E0D /* Debug iPhone */,
				C01FCF5008A954540054247B /* Release */,
			);
			defaultConfigurationIsVisible = 0;
			defaultConfigurationName = Release;
		};
/* End XCConfigurationList section */
	};
	rootObject = 29B97313FDCFA39411CA2CEA /* Project object */;
}
